
Microsoft Visual Studio Solution File, Format Version 12.00
# Visual Studio 2017
Project("{FAE04EC0-301F-11D3-BF4B-00C04F79EFBC}") = "Test_HoloNavigation", "Test_HoloNavigation.csproj", "{81781265-1A7B-7CAF-CFF7-D13349E244F5}"
EndProject
Global
	GlobalSection(SolutionConfigurationPlatforms) = preSolution
		Debug|Any CPU = Debug|Any CPU
		Release|Any CPU = Release|Any CPU
	EndGlobalSection
	GlobalSection(ProjectConfigurationPlatforms) = postSolution
		{81781265-1A7B-7CAF-CFF7-D13349E244F5}.Debug|Any CPU.ActiveCfg = Debug|Any CPU
		{81781265-1A7B-7CAF-CFF7-D13349E244F5}.Debug|Any CPU.Build.0 = Debug|Any CPU
		{81781265-1A7B-7CAF-CFF7-D13349E244F5}.Release|Any CPU.ActiveCfg = Release|Any CPU
		{81781265-1A7B-7CAF-CFF7-D13349E244F5}.Release|Any CPU.Build.0 = Release|Any CPU
	EndGlobalSection
	GlobalSection(SolutionProperties) = preSolution
		HideSolutionNode = FALSE
	EndGlobalSection
EndGlobal
