
Microsoft Visual Studio Solution File, Format Version 12.00
# Visual Studio 2017
Project("{FAE04EC0-301F-11D3-BF4B-00C04F79EFBC}") = "VF_2DReco", "VF_2DReco.csproj", "{8AB88A72-6267-669F-A412-B9CD9F37F3A1}"
EndProject
Project("{FAE04EC0-301F-11D3-BF4B-00C04F79EFBC}") = "VF_2DReco.Editor", "VF_2DReco.Editor.csproj", "{B944E813-1759-B424-D11E-1F692A050AC1}"
EndProject
Global
	GlobalSection(SolutionConfigurationPlatforms) = preSolution
		Debug|Any CPU = Debug|Any CPU
		Release|Any CPU = Release|Any CPU
	EndGlobalSection
	GlobalSection(ProjectConfigurationPlatforms) = postSolution
		{8AB88A72-6267-669F-A412-B9CD9F37F3A1}.Debug|Any CPU.ActiveCfg = Debug|Any CPU
		{8AB88A72-6267-669F-A412-B9CD9F37F3A1}.Debug|Any CPU.Build.0 = Debug|Any CPU
		{8AB88A72-6267-669F-A412-B9CD9F37F3A1}.Release|Any CPU.ActiveCfg = Release|Any CPU
		{8AB88A72-6267-669F-A412-B9CD9F37F3A1}.Release|Any CPU.Build.0 = Release|Any CPU
		{B944E813-1759-B424-D11E-1F692A050AC1}.Debug|Any CPU.ActiveCfg = Debug|Any CPU
		{B944E813-1759-B424-D11E-1F692A050AC1}.Debug|Any CPU.Build.0 = Debug|Any CPU
		{B944E813-1759-B424-D11E-1F692A050AC1}.Release|Any CPU.ActiveCfg = Release|Any CPU
		{B944E813-1759-B424-D11E-1F692A050AC1}.Release|Any CPU.Build.0 = Release|Any CPU
	EndGlobalSection
	GlobalSection(SolutionProperties) = preSolution
		HideSolutionNode = FALSE
	EndGlobalSection
EndGlobal
