
Microsoft Visual Studio Solution File, Format Version 12.00
# Visual Studio 2017
Project("{FAE04EC0-301F-11D3-BF4B-00C04F79EFBC}") = "VF_DynamicReco", "VF_DynamicReco.csproj", "{B0A41176-08DB-A493-BC20-CC511AF47762}"
EndProject
Project("{FAE04EC0-301F-11D3-BF4B-00C04F79EFBC}") = "VF_DynamicReco.Editor", "VF_DynamicReco.Editor.csproj", "{53B9D8AD-DFF8-43C3-E037-E69618227F16}"
EndProject
Global
	GlobalSection(SolutionConfigurationPlatforms) = preSolution
		Debug|Any CPU = Debug|Any CPU
		Release|Any CPU = Release|Any CPU
	EndGlobalSection
	GlobalSection(ProjectConfigurationPlatforms) = postSolution
		{B0A41176-08DB-A493-BC20-CC511AF47762}.Debug|Any CPU.ActiveCfg = Debug|Any CPU
		{B0A41176-08DB-A493-BC20-CC511AF47762}.Debug|Any CPU.Build.0 = Debug|Any CPU
		{B0A41176-08DB-A493-BC20-CC511AF47762}.Release|Any CPU.ActiveCfg = Release|Any CPU
		{B0A41176-08DB-A493-BC20-CC511AF47762}.Release|Any CPU.Build.0 = Release|Any CPU
		{53B9D8AD-DFF8-43C3-E037-E69618227F16}.Debug|Any CPU.ActiveCfg = Debug|Any CPU
		{53B9D8AD-DFF8-43C3-E037-E69618227F16}.Debug|Any CPU.Build.0 = Debug|Any CPU
		{53B9D8AD-DFF8-43C3-E037-E69618227F16}.Release|Any CPU.ActiveCfg = Release|Any CPU
		{53B9D8AD-DFF8-43C3-E037-E69618227F16}.Release|Any CPU.Build.0 = Release|Any CPU
	EndGlobalSection
	GlobalSection(SolutionProperties) = preSolution
		HideSolutionNode = FALSE
	EndGlobalSection
EndGlobal
