
Microsoft Visual Studio Solution File, Format Version 12.00
# Visual Studio 15
VisualStudioVersion = 15.0.27130.2024
MinimumVisualStudioVersion = 10.0.40219.1
Project("{FAE04EC0-301F-11D3-BF4B-00C04F79EFBC}") = "MR_AssetBundles_Loader", "MR_AssetBundles_Loader\MR_AssetBundles_Loader.csproj", "{13A45C13-3265-47B8-BC48-A553B569DF55}"
EndProject
Project("{FAE04EC0-301F-11D3-BF4B-00C04F79EFBC}") = "Assembly-CSharp", "D:\git\flecoqui\MixedRealityAILabs\Lab5\MR_AssetBundles_Loader\AppHolographic\GeneratedProjects\UWP\Assembly-CSharp\Assembly-CSharp.csproj", "{175C5D41-3A92-4B89-A998-AB1F39005906}"
EndProject
Global
	GlobalSection(SolutionConfigurationPlatforms) = preSolution
		Debug|ARM = Debug|ARM
		Debug|x64 = Debug|x64
		Debug|x86 = Debug|x86
		Master|ARM = Master|ARM
		Master|x64 = Master|x64
		Master|x86 = Master|x86
		Release|ARM = Release|ARM
		Release|x64 = Release|x64
		Release|x86 = Release|x86
	EndGlobalSection
	GlobalSection(ProjectConfigurationPlatforms) = postSolution
		{13A45C13-3265-47B8-BC48-A553B569DF55}.Debug|ARM.ActiveCfg = Debug|ARM
		{13A45C13-3265-47B8-BC48-A553B569DF55}.Debug|ARM.Build.0 = Debug|ARM
		{13A45C13-3265-47B8-BC48-A553B569DF55}.Debug|ARM.Deploy.0 = Debug|ARM
		{13A45C13-3265-47B8-BC48-A553B569DF55}.Debug|x64.ActiveCfg = Debug|x64
		{13A45C13-3265-47B8-BC48-A553B569DF55}.Debug|x64.Build.0 = Debug|x64
		{13A45C13-3265-47B8-BC48-A553B569DF55}.Debug|x64.Deploy.0 = Debug|x64
		{13A45C13-3265-47B8-BC48-A553B569DF55}.Debug|x86.ActiveCfg = Debug|x86
		{13A45C13-3265-47B8-BC48-A553B569DF55}.Debug|x86.Build.0 = Debug|x86
		{13A45C13-3265-47B8-BC48-A553B569DF55}.Debug|x86.Deploy.0 = Debug|x86
		{13A45C13-3265-47B8-BC48-A553B569DF55}.Master|ARM.ActiveCfg = Master|ARM
		{13A45C13-3265-47B8-BC48-A553B569DF55}.Master|ARM.Build.0 = Master|ARM
		{13A45C13-3265-47B8-BC48-A553B569DF55}.Master|ARM.Deploy.0 = Master|ARM
		{13A45C13-3265-47B8-BC48-A553B569DF55}.Master|x64.ActiveCfg = Master|x64
		{13A45C13-3265-47B8-BC48-A553B569DF55}.Master|x64.Build.0 = Master|x64
		{13A45C13-3265-47B8-BC48-A553B569DF55}.Master|x64.Deploy.0 = Master|x64
		{13A45C13-3265-47B8-BC48-A553B569DF55}.Master|x86.ActiveCfg = Master|x86
		{13A45C13-3265-47B8-BC48-A553B569DF55}.Master|x86.Build.0 = Master|x86
		{13A45C13-3265-47B8-BC48-A553B569DF55}.Master|x86.Deploy.0 = Master|x86
		{13A45C13-3265-47B8-BC48-A553B569DF55}.Release|ARM.ActiveCfg = Release|ARM
		{13A45C13-3265-47B8-BC48-A553B569DF55}.Release|ARM.Build.0 = Release|ARM
		{13A45C13-3265-47B8-BC48-A553B569DF55}.Release|ARM.Deploy.0 = Release|ARM
		{13A45C13-3265-47B8-BC48-A553B569DF55}.Release|x64.ActiveCfg = Release|x64
		{13A45C13-3265-47B8-BC48-A553B569DF55}.Release|x64.Build.0 = Release|x64
		{13A45C13-3265-47B8-BC48-A553B569DF55}.Release|x64.Deploy.0 = Release|x64
		{13A45C13-3265-47B8-BC48-A553B569DF55}.Release|x86.ActiveCfg = Release|x86
		{13A45C13-3265-47B8-BC48-A553B569DF55}.Release|x86.Build.0 = Release|x86
		{13A45C13-3265-47B8-BC48-A553B569DF55}.Release|x86.Deploy.0 = Release|x86
		{175C5D41-3A92-4B89-A998-AB1F39005906}.Debug|ARM.ActiveCfg = Debug|ARM
		{175C5D41-3A92-4B89-A998-AB1F39005906}.Debug|ARM.Build.0 = Debug|ARM
		{175C5D41-3A92-4B89-A998-AB1F39005906}.Debug|x64.ActiveCfg = Debug|x64
		{175C5D41-3A92-4B89-A998-AB1F39005906}.Debug|x64.Build.0 = Debug|x64
		{175C5D41-3A92-4B89-A998-AB1F39005906}.Debug|x86.ActiveCfg = Debug|x86
		{175C5D41-3A92-4B89-A998-AB1F39005906}.Debug|x86.Build.0 = Debug|x86
		{175C5D41-3A92-4B89-A998-AB1F39005906}.Master|ARM.ActiveCfg = Master|ARM
		{175C5D41-3A92-4B89-A998-AB1F39005906}.Master|ARM.Build.0 = Master|ARM
		{175C5D41-3A92-4B89-A998-AB1F39005906}.Master|x64.ActiveCfg = Master|x64
		{175C5D41-3A92-4B89-A998-AB1F39005906}.Master|x64.Build.0 = Master|x64
		{175C5D41-3A92-4B89-A998-AB1F39005906}.Master|x86.ActiveCfg = Master|x86
		{175C5D41-3A92-4B89-A998-AB1F39005906}.Master|x86.Build.0 = Master|x86
		{175C5D41-3A92-4B89-A998-AB1F39005906}.Release|ARM.ActiveCfg = Release|ARM
		{175C5D41-3A92-4B89-A998-AB1F39005906}.Release|ARM.Build.0 = Release|ARM
		{175C5D41-3A92-4B89-A998-AB1F39005906}.Release|x64.ActiveCfg = Release|x64
		{175C5D41-3A92-4B89-A998-AB1F39005906}.Release|x64.Build.0 = Release|x64
		{175C5D41-3A92-4B89-A998-AB1F39005906}.Release|x86.ActiveCfg = Release|x86
		{175C5D41-3A92-4B89-A998-AB1F39005906}.Release|x86.Build.0 = Release|x86
	EndGlobalSection
	GlobalSection(SolutionProperties) = preSolution
		HideSolutionNode = FALSE
	EndGlobalSection
	GlobalSection(ExtensibilityGlobals) = postSolution
		SolutionGuid = {5397B438-1E77-43D3-951A-C09DC6C16880}
	EndGlobalSection
EndGlobal
